
Microsoft Visual Studio Solution File, Format Version 12.00
# Visual Studio Version 16
VisualStudioVersion = 16.0.29201.188
MinimumVisualStudioVersion = 10.0.40219.1
Project("{FAE04EC0-301F-11D3-BF4B-00C04F79EFBC}") = "DiceRoller", "DiceRoller\DiceRoller.csproj", "{3A7BE79B-AF52-49D1-92BD-F4AFCBFA2D5A}"
EndProject
Global
	GlobalSection(SolutionConfigurationPlatforms) = preSolution
		Debug|Any CPU = Debug|Any CPU
		Release|Any CPU = Release|Any CPU
	EndGlobalSection
	GlobalSection(ProjectConfigurationPlatforms) = postSolution
		{3A7BE79B-AF52-49D1-92BD-F4AFCBFA2D5A}.Debug|Any CPU.ActiveCfg = Debug|Any CPU
		{3A7BE79B-AF52-49D1-92BD-F4AFCBFA2D5A}.Debug|Any CPU.Build.0 = Debug|Any CPU
		{3A7BE79B-AF52-49D1-92BD-F4AFCBFA2D5A}.Release|Any CPU.ActiveCfg = Release|Any CPU
		{3A7BE79B-AF52-49D1-92BD-F4AFCBFA2D5A}.Release|Any CPU.Build.0 = Release|Any CPU
	EndGlobalSection
	GlobalSection(SolutionProperties) = preSolution
		HideSolutionNode = FALSE
	EndGlobalSection
	GlobalSection(ExtensibilityGlobals) = postSolution
		SolutionGuid = {9B195B8F-D13C-41CE-B7F9-0E9F46F5FD80}
	EndGlobalSection
EndGlobal
