
Microsoft Visual Studio Solution File, Format Version 12.00
# Visual Studio Version 16
VisualStudioVersion = 16.0.29201.188
MinimumVisualStudioVersion = 10.0.40219.1
Project("{FAE04EC0-301F-11D3-BF4B-00C04F79EFBC}") = "TDD_Calculator", "TDD_Calculator\TDD_Calculator.csproj", "{ED6BCD70-94B3-4EA6-BB18-0B0AAA3A68BB}"
EndProject
Global
	GlobalSection(SolutionConfigurationPlatforms) = preSolution
		Debug|Any CPU = Debug|Any CPU
		Release|Any CPU = Release|Any CPU
	EndGlobalSection
	GlobalSection(ProjectConfigurationPlatforms) = postSolution
		{ED6BCD70-94B3-4EA6-BB18-0B0AAA3A68BB}.Debug|Any CPU.ActiveCfg = Debug|Any CPU
		{ED6BCD70-94B3-4EA6-BB18-0B0AAA3A68BB}.Debug|Any CPU.Build.0 = Debug|Any CPU
		{ED6BCD70-94B3-4EA6-BB18-0B0AAA3A68BB}.Release|Any CPU.ActiveCfg = Release|Any CPU
		{ED6BCD70-94B3-4EA6-BB18-0B0AAA3A68BB}.Release|Any CPU.Build.0 = Release|Any CPU
	EndGlobalSection
	GlobalSection(SolutionProperties) = preSolution
		HideSolutionNode = FALSE
	EndGlobalSection
	GlobalSection(ExtensibilityGlobals) = postSolution
		SolutionGuid = {F1E04F4C-5274-493F-A690-68AC4EC939D8}
	EndGlobalSection
EndGlobal
